
Microsoft Visual Studio Solution File, Format Version 12.00
# Visual Studio 2013
VisualStudioVersion = 12.0.31101.0
MinimumVisualStudioVersion = 10.0.40219.1
Project("{FAE04EC0-301F-11D3-BF4B-00C04F79EFBC}") = "Excel2013AddIn2", "Excel2013AddIn\Excel2013AddIn2.csproj", "{66026486-9F15-4B1B-8DBE-AFF152FD87CF}"
EndProject
Project("{FAE04EC0-301F-11D3-BF4B-00C04F79EFBC}") = "Excel13Addin_v2", "Excel13Addin_v2\Excel13Addin_v2.csproj", "{CE0552E2-E8B8-49B8-A89A-B1EBD6D14894}"
EndProject
Global
	GlobalSection(SolutionConfigurationPlatforms) = preSolution
		Debug|Any CPU = Debug|Any CPU
		Release|Any CPU = Release|Any CPU
	EndGlobalSection
	GlobalSection(ProjectConfigurationPlatforms) = postSolution
		{66026486-9F15-4B1B-8DBE-AFF152FD87CF}.Debug|Any CPU.ActiveCfg = Debug|Any CPU
		{66026486-9F15-4B1B-8DBE-AFF152FD87CF}.Debug|Any CPU.Build.0 = Debug|Any CPU
		{66026486-9F15-4B1B-8DBE-AFF152FD87CF}.Release|Any CPU.ActiveCfg = Release|Any CPU
		{66026486-9F15-4B1B-8DBE-AFF152FD87CF}.Release|Any CPU.Build.0 = Release|Any CPU
		{CE0552E2-E8B8-49B8-A89A-B1EBD6D14894}.Debug|Any CPU.ActiveCfg = Debug|Any CPU
		{CE0552E2-E8B8-49B8-A89A-B1EBD6D14894}.Debug|Any CPU.Build.0 = Debug|Any CPU
		{CE0552E2-E8B8-49B8-A89A-B1EBD6D14894}.Release|Any CPU.ActiveCfg = Release|Any CPU
		{CE0552E2-E8B8-49B8-A89A-B1EBD6D14894}.Release|Any CPU.Build.0 = Release|Any CPU
	EndGlobalSection
	GlobalSection(SolutionProperties) = preSolution
		HideSolutionNode = FALSE
	EndGlobalSection
EndGlobal
